
Microsoft Visual Studio Solution File, Format Version 12.00
Project("{FAE04EC0-301F-11D3-BF4B-00C04F79EFBC}") = "Fulbo", "Fulbo\Fulbo.csproj", "{E2D2EFE5-DFA4-46B0-92EF-010358524FAE}"
EndProject
Project("{FAE04EC0-301F-11D3-BF4B-00C04F79EFBC}") = "EmptyBlazorApp1", "EmptyBlazorApp1\EmptyBlazorApp1.csproj", "{587A7071-A4FC-4FB2-8637-44453AA71B9B}"
EndProject
Project("{FAE04EC0-301F-11D3-BF4B-00C04F79EFBC}") = "TestProject1", "TestProject1\TestProject1.csproj", "{0DBA0BE1-3095-471B-8E2A-0294455A59B3}"
EndProject
Global
	GlobalSection(SolutionConfigurationPlatforms) = preSolution
		Debug|Any CPU = Debug|Any CPU
		Release|Any CPU = Release|Any CPU
	EndGlobalSection
	GlobalSection(ProjectConfigurationPlatforms) = postSolution
		{E2D2EFE5-DFA4-46B0-92EF-010358524FAE}.Debug|Any CPU.ActiveCfg = Debug|Any CPU
		{E2D2EFE5-DFA4-46B0-92EF-010358524FAE}.Debug|Any CPU.Build.0 = Debug|Any CPU
		{E2D2EFE5-DFA4-46B0-92EF-010358524FAE}.Release|Any CPU.ActiveCfg = Release|Any CPU
		{E2D2EFE5-DFA4-46B0-92EF-010358524FAE}.Release|Any CPU.Build.0 = Release|Any CPU
		{587A7071-A4FC-4FB2-8637-44453AA71B9B}.Debug|Any CPU.ActiveCfg = Debug|Any CPU
		{587A7071-A4FC-4FB2-8637-44453AA71B9B}.Debug|Any CPU.Build.0 = Debug|Any CPU
		{587A7071-A4FC-4FB2-8637-44453AA71B9B}.Release|Any CPU.ActiveCfg = Release|Any CPU
		{587A7071-A4FC-4FB2-8637-44453AA71B9B}.Release|Any CPU.Build.0 = Release|Any CPU
		{0DBA0BE1-3095-471B-8E2A-0294455A59B3}.Debug|Any CPU.ActiveCfg = Debug|Any CPU
		{0DBA0BE1-3095-471B-8E2A-0294455A59B3}.Debug|Any CPU.Build.0 = Debug|Any CPU
		{0DBA0BE1-3095-471B-8E2A-0294455A59B3}.Release|Any CPU.ActiveCfg = Release|Any CPU
		{0DBA0BE1-3095-471B-8E2A-0294455A59B3}.Release|Any CPU.Build.0 = Release|Any CPU
	EndGlobalSection
EndGlobal
